// !$*UTF8*$!
{
	archiveVersion = 1;
	classes = {
	};
	objectVersion = 46;
	objects = {

/* Begin PBXBuildFile section */
		324FD2EA15FA924300C2B5A7 /* AdResolver.js in Resources */ = {isa = PBXBuildFile; fileRef = 324FD2E915FA924300C2B5A7 /* AdResolver.js */; };
		324FD2EC15FA925500C2B5A7 /* Scheduler.js in Resources */ = {isa = PBXBuildFile; fileRef = 324FD2EB15FA925500C2B5A7 /* Scheduler.js */; };
		324FD2F015FA928E00C2B5A7 /* Sequencer.js in Resources */ = {isa = PBXBuildFile; fileRef = 324FD2EF15FA928E00C2B5A7 /* Sequencer.js */; };
		32673F11166D6F0A00DAD761 /* SequencerPlugin.js in Resources */ = {isa = PBXBuildFile; fileRef = 32673F10166D6F0A00DAD761 /* SequencerPlugin.js */; };
		3282B2A415EDF35200C68E0A /* AVFoundation.framework in Frameworks */ = {isa = PBXBuildFile; fileRef = 3282B2A315EDF35200C68E0A /* AVFoundation.framework */; };
		3282B2A615EDF36B00C68E0A /* CoreMedia.framework in Frameworks */ = {isa = PBXBuildFile; fileRef = 3282B2A515EDF36B00C68E0A /* CoreMedia.framework */; };
		328631831677CB0A00FDB443 /* Default-568h@2x.png in Resources */ = {isa = PBXBuildFile; fileRef = 328631821677CB0A00FDB443 /* Default-568h@2x.png */; };
		32FE0BCB16155D990016300E /* libSequencerAVPlayerFramework.a in Frameworks */ = {isa = PBXBuildFile; fileRef = 32FE0B97161520CC0016300E /* libSequencerAVPlayerFramework.a */; };
		8E2915F113BC3935008EE5BE /* MainWindow_iPhone.xib in Resources */ = {isa = PBXBuildFile; fileRef = 2860E327111B887F00E27156 /* MainWindow_iPhone.xib */; };
		8E2915F213BC3935008EE5BE /* MainWindow_iPad.xib in Resources */ = {isa = PBXBuildFile; fileRef = 2860E32D111B888700E27156 /* MainWindow_iPad.xib */; };
		8E2915F313BC3935008EE5BE /* autoproxyscript.txt in Resources */ = {isa = PBXBuildFile; fileRef = 1957DFE213031B95004DE8ED /* autoproxyscript.txt */; };
		8E2915F413BC3935008EE5BE /* SeekbarViewController_iPad.xib in Resources */ = {isa = PBXBuildFile; fileRef = 1957DFF513031C0F004DE8ED /* SeekbarViewController_iPad.xib */; };
		8E2915F513BC3935008EE5BE /* SamplePlayerViewController_iPad.xib in Resources */ = {isa = PBXBuildFile; fileRef = 1957DFF613031C0F004DE8ED /* SamplePlayerViewController_iPad.xib */; };
		8E2915F613BC3935008EE5BE /* SeekbarViewController_iPhone.xib in Resources */ = {isa = PBXBuildFile; fileRef = 1957E0E713033076004DE8ED /* SeekbarViewController_iPhone.xib */; };
		8E2915F713BC3935008EE5BE /* SamplePlayerViewController_iPhone.xib in Resources */ = {isa = PBXBuildFile; fileRef = 1957E0E813033076004DE8ED /* SamplePlayerViewController_iPhone.xib */; };
		8E2915FD13BC3935008EE5BE /* main.m in Sources */ = {isa = PBXBuildFile; fileRef = 29B97316FDCFA39411CA2CEA /* main.m */; };
		8E2915FE13BC3935008EE5BE /* SeekbarViewController.m in Sources */ = {isa = PBXBuildFile; fileRef = 1957DFEA13031BA6004DE8ED /* SeekbarViewController.m */; };
		8E2915FF13BC3935008EE5BE /* SamplePlayerAppDelegate.m in Sources */ = {isa = PBXBuildFile; fileRef = 1957DFEC13031BA6004DE8ED /* SamplePlayerAppDelegate.m */; };
		8E29160013BC3935008EE5BE /* SamplePlayerViewController.m in Sources */ = {isa = PBXBuildFile; fileRef = 1957DFEE13031BA6004DE8ED /* SamplePlayerViewController.m */; };
		8E29160213BC3935008EE5BE /* Foundation.framework in Frameworks */ = {isa = PBXBuildFile; fileRef = 1D30AB110D05D00D00671497 /* Foundation.framework */; };
		8E29160313BC3935008EE5BE /* UIKit.framework in Frameworks */ = {isa = PBXBuildFile; fileRef = 1DF5F4DF0D08C38300B7A737 /* UIKit.framework */; };
		8E29160413BC3935008EE5BE /* CoreGraphics.framework in Frameworks */ = {isa = PBXBuildFile; fileRef = 288765FC0DF74451002DB57D /* CoreGraphics.framework */; };
		8E29160613BC3935008EE5BE /* libstdc++.6.dylib in Frameworks */ = {isa = PBXBuildFile; fileRef = 1957E01F13031E0A004DE8ED /* libstdc++.6.dylib */; };
		8E29160713BC3935008EE5BE /* libz.dylib in Frameworks */ = {isa = PBXBuildFile; fileRef = 1957E02113031E26004DE8ED /* libz.dylib */; };
		8E29160813BC3935008EE5BE /* CFNetwork.framework in Frameworks */ = {isa = PBXBuildFile; fileRef = 1957E02313031E30004DE8ED /* CFNetwork.framework */; };
		8E29160A13BC3935008EE5BE /* Security.framework in Frameworks */ = {isa = PBXBuildFile; fileRef = AA58AD3D130B307E00E1D3D0 /* Security.framework */; };
		A0CDAEEA1672876E007EE717 /* heart.png in Resources */ = {isa = PBXBuildFile; fileRef = A0CDAEE11672876E007EE717 /* heart.png */; };
		A0CDAEEB1672876E007EE717 /* left.png in Resources */ = {isa = PBXBuildFile; fileRef = A0CDAEE21672876E007EE717 /* left.png */; };
		A0CDAEEC1672876E007EE717 /* pause.png in Resources */ = {isa = PBXBuildFile; fileRef = A0CDAEE31672876E007EE717 /* pause.png */; };
		A0CDAEED1672876E007EE717 /* play.png in Resources */ = {isa = PBXBuildFile; fileRef = A0CDAEE41672876E007EE717 /* play.png */; };
		A0CDAEEE1672876E007EE717 /* playmain.png in Resources */ = {isa = PBXBuildFile; fileRef = A0CDAEE51672876E007EE717 /* playmain.png */; };
		A0CDAEEF1672876E007EE717 /* right.png in Resources */ = {isa = PBXBuildFile; fileRef = A0CDAEE61672876E007EE717 /* right.png */; };
		A0CDAEF01672876E007EE717 /* Skipback.png in Resources */ = {isa = PBXBuildFile; fileRef = A0CDAEE71672876E007EE717 /* Skipback.png */; };
		A0CDAEF11672876E007EE717 /* SkipForward.png in Resources */ = {isa = PBXBuildFile; fileRef = A0CDAEE81672876E007EE717 /* SkipForward.png */; };
		A0CDAEF21672876E007EE717 /* volume.png in Resources */ = {isa = PBXBuildFile; fileRef = A0CDAEE91672876E007EE717 /* volume.png */; };
/* End PBXBuildFile section */

/* Begin PBXContainerItemProxy section */
		32FE0B96161520CC0016300E /* PBXContainerItemProxy */ = {
			isa = PBXContainerItemProxy;
			containerPortal = 32FE0B8B161520CC0016300E /* SequencerAVPlayerFramework.xcodeproj */;
			proxyType = 2;
			remoteGlobalIDString = 329DB94A16118176004C6873;
			remoteInfo = SequencerAVPlayerFramework;
		};
		32FE0B99161520E50016300E /* PBXContainerItemProxy */ = {
			isa = PBXContainerItemProxy;
			containerPortal = 32FE0B8B161520CC0016300E /* SequencerAVPlayerFramework.xcodeproj */;
			proxyType = 1;
			remoteGlobalIDString = 329DB94916118176004C6873;
			remoteInfo = SequencerAVPlayerFramework;
		};
/* End PBXContainerItemProxy section */

/* Begin PBXFileReference section */
		1957DFE213031B95004DE8ED /* autoproxyscript.txt */ = {isa = PBXFileReference; fileEncoding = 4; lastKnownFileType = text; name = autoproxyscript.txt; path = Shared/autoproxyscript.txt; sourceTree = "<group>"; };
		1957DFE913031BA6004DE8ED /* SeekbarViewController.h */ = {isa = PBXFileReference; fileEncoding = 4; lastKnownFileType = sourcecode.c.h; name = SeekbarViewController.h; path = Shared/SeekbarViewController.h; sourceTree = "<group>"; };
		1957DFEA13031BA6004DE8ED /* SeekbarViewController.m */ = {isa = PBXFileReference; fileEncoding = 4; lastKnownFileType = sourcecode.c.objc; name = SeekbarViewController.m; path = Shared/SeekbarViewController.m; sourceTree = "<group>"; };
		1957DFEB13031BA6004DE8ED /* SamplePlayerAppDelegate.h */ = {isa = PBXFileReference; fileEncoding = 4; lastKnownFileType = sourcecode.c.h; name = SamplePlayerAppDelegate.h; path = Shared/SamplePlayerAppDelegate.h; sourceTree = "<group>"; };
		1957DFEC13031BA6004DE8ED /* SamplePlayerAppDelegate.m */ = {isa = PBXFileReference; fileEncoding = 4; lastKnownFileType = sourcecode.c.objc; name = SamplePlayerAppDelegate.m; path = Shared/SamplePlayerAppDelegate.m; sourceTree = "<group>"; };
		1957DFED13031BA6004DE8ED /* SamplePlayerViewController.h */ = {isa = PBXFileReference; fileEncoding = 4; lastKnownFileType = sourcecode.c.h; name = SamplePlayerViewController.h; path = Shared/SamplePlayerViewController.h; sourceTree = "<group>"; };
		1957DFEE13031BA6004DE8ED /* SamplePlayerViewController.m */ = {isa = PBXFileReference; fileEncoding = 4; lastKnownFileType = sourcecode.c.objc; name = SamplePlayerViewController.m; path = Shared/SamplePlayerViewController.m; sourceTree = "<group>"; };
		1957DFF513031C0F004DE8ED /* SeekbarViewController_iPad.xib */ = {isa = PBXFileReference; lastKnownFileType = file.xib; path = SeekbarViewController_iPad.xib; sourceTree = "<group>"; };
		1957DFF613031C0F004DE8ED /* SamplePlayerViewController_iPad.xib */ = {isa = PBXFileReference; lastKnownFileType = file.xib; path = SamplePlayerViewController_iPad.xib; sourceTree = "<group>"; };
		1957E01D13031DE5004DE8ED /* MediaPlayer.framework */ = {isa = PBXFileReference; lastKnownFileType = wrapper.framework; name = MediaPlayer.framework; path = System/Library/Frameworks/MediaPlayer.framework; sourceTree = SDKROOT; };
		1957E01F13031E0A004DE8ED /* libstdc++.6.dylib */ = {isa = PBXFileReference; lastKnownFileType = "compiled.mach-o.dylib"; name = "libstdc++.6.dylib"; path = "usr/lib/libstdc++.6.dylib"; sourceTree = SDKROOT; };
		1957E02113031E26004DE8ED /* libz.dylib */ = {isa = PBXFileReference; lastKnownFileType = "compiled.mach-o.dylib"; name = libz.dylib; path = usr/lib/libz.dylib; sourceTree = SDKROOT; };
		1957E02313031E30004DE8ED /* CFNetwork.framework */ = {isa = PBXFileReference; lastKnownFileType = wrapper.framework; name = CFNetwork.framework; path = System/Library/Frameworks/CFNetwork.framework; sourceTree = SDKROOT; };
		1957E0E713033076004DE8ED /* SeekbarViewController_iPhone.xib */ = {isa = PBXFileReference; lastKnownFileType = file.xib; path = SeekbarViewController_iPhone.xib; sourceTree = "<group>"; };
		1957E0E813033076004DE8ED /* SamplePlayerViewController_iPhone.xib */ = {isa = PBXFileReference; lastKnownFileType = file.xib; path = SamplePlayerViewController_iPhone.xib; sourceTree = "<group>"; };
		1D30AB110D05D00D00671497 /* Foundation.framework */ = {isa = PBXFileReference; lastKnownFileType = wrapper.framework; name = Foundation.framework; path = System/Library/Frameworks/Foundation.framework; sourceTree = SDKROOT; };
		1DF5F4DF0D08C38300B7A737 /* UIKit.framework */ = {isa = PBXFileReference; lastKnownFileType = wrapper.framework; name = UIKit.framework; path = System/Library/Frameworks/UIKit.framework; sourceTree = SDKROOT; };
		2860E327111B887F00E27156 /* MainWindow_iPhone.xib */ = {isa = PBXFileReference; lastKnownFileType = file.xib; path = MainWindow_iPhone.xib; sourceTree = "<group>"; };
		2860E32D111B888700E27156 /* MainWindow_iPad.xib */ = {isa = PBXFileReference; lastKnownFileType = file.xib; path = MainWindow_iPad.xib; sourceTree = "<group>"; };
		288765FC0DF74451002DB57D /* CoreGraphics.framework */ = {isa = PBXFileReference; lastKnownFileType = wrapper.framework; name = CoreGraphics.framework; path = System/Library/Frameworks/CoreGraphics.framework; sourceTree = SDKROOT; };
		29B97316FDCFA39411CA2CEA /* main.m */ = {isa = PBXFileReference; fileEncoding = 4; lastKnownFileType = sourcecode.c.objc; name = main.m; path = Shared/main.m; sourceTree = "<group>"; };
		324FD2E915FA924300C2B5A7 /* AdResolver.js */ = {isa = PBXFileReference; lastKnownFileType = sourcecode.javascript; name = AdResolver.js; path = ../../Core/AdResolver/AdResolver.js; sourceTree = "<group>"; };
		324FD2EB15FA925500C2B5A7 /* Scheduler.js */ = {isa = PBXFileReference; lastKnownFileType = sourcecode.javascript; name = Scheduler.js; path = ../../Core/Scheduler/Scheduler.js; sourceTree = "<group>"; };
		324FD2EF15FA928E00C2B5A7 /* Sequencer.js */ = {isa = PBXFileReference; lastKnownFileType = sourcecode.javascript; name = Sequencer.js; path = ../../Core/Sequencer/Sequencer.js; sourceTree = "<group>"; };
		32673F10166D6F0A00DAD761 /* SequencerPlugin.js */ = {isa = PBXFileReference; lastKnownFileType = sourcecode.javascript; path = SequencerPlugin.js; sourceTree = "<group>"; };
		3282B2A315EDF35200C68E0A /* AVFoundation.framework */ = {isa = PBXFileReference; lastKnownFileType = wrapper.framework; name = AVFoundation.framework; path = System/Library/Frameworks/AVFoundation.framework; sourceTree = SDKROOT; };
		3282B2A515EDF36B00C68E0A /* CoreMedia.framework */ = {isa = PBXFileReference; lastKnownFileType = wrapper.framework; name = CoreMedia.framework; path = System/Library/Frameworks/CoreMedia.framework; sourceTree = SDKROOT; };
		328631821677CB0A00FDB443 /* Default-568h@2x.png */ = {isa = PBXFileReference; lastKnownFileType = image.png; path = "Default-568h@2x.png"; sourceTree = "<group>"; };
		32CA4F630368D1EE00C91783 /* SamplePlayer_Prefix.pch */ = {isa = PBXFileReference; fileEncoding = 4; lastKnownFileType = sourcecode.c.h; path = SamplePlayer_Prefix.pch; sourceTree = "<group>"; };
		32FE0B8B161520CC0016300E /* SequencerAVPlayerFramework.xcodeproj */ = {isa = PBXFileReference; lastKnownFileType = "wrapper.pb-project"; name = SequencerAVPlayerFramework.xcodeproj; path = ../lib/SequencerAVPlayerFramework/SequencerAVPlayerFramework.xcodeproj; sourceTree = "<group>"; };
		32FE0BC916155D8E0016300E /* libSequencerWrapper.a */ = {isa = PBXFileReference; lastKnownFileType = archive.ar; name = libSequencerWrapper.a; path = "../../../../iOSRelease/product/SequencerWrapper/Debug-iphoneos/libSequencerWrapper.a"; sourceTree = "<group>"; };
		8D1107310486CEB800E47090 /* SamplePlayer-Info.plist */ = {isa = PBXFileReference; fileEncoding = 4; lastKnownFileType = text.plist.xml; path = "SamplePlayer-Info.plist"; plistStructureDefinitionIdentifier = "com.apple.xcode.plist.structure-definition.iphone.info-plist"; sourceTree = "<group>"; };
		8E29160E13BC3935008EE5BE /* SamplePlayer_nodrm.app */ = {isa = PBXFileReference; explicitFileType = wrapper.application; includeInIndex = 0; path = SamplePlayer_nodrm.app; sourceTree = BUILT_PRODUCTS_DIR; };
		A0CDAEE11672876E007EE717 /* heart.png */ = {isa = PBXFileReference; lastKnownFileType = image.png; name = heart.png; path = Shared/heart.png; sourceTree = "<group>"; };
		A0CDAEE21672876E007EE717 /* left.png */ = {isa = PBXFileReference; lastKnownFileType = image.png; name = left.png; path = Shared/left.png; sourceTree = "<group>"; };
		A0CDAEE31672876E007EE717 /* pause.png */ = {isa = PBXFileReference; lastKnownFileType = image.png; name = pause.png; path = Shared/pause.png; sourceTree = "<group>"; };
		A0CDAEE41672876E007EE717 /* play.png */ = {isa = PBXFileReference; lastKnownFileType = image.png; name = play.png; path = Shared/play.png; sourceTree = "<group>"; };
		A0CDAEE51672876E007EE717 /* playmain.png */ = {isa = PBXFileReference; lastKnownFileType = image.png; name = playmain.png; path = Shared/playmain.png; sourceTree = "<group>"; };
		A0CDAEE61672876E007EE717 /* right.png */ = {isa = PBXFileReference; lastKnownFileType = image.png; name = right.png; path = Shared/right.png; sourceTree = "<group>"; };
		A0CDAEE71672876E007EE717 /* Skipback.png */ = {isa = PBXFileReference; lastKnownFileType = image.png; name = Skipback.png; path = Shared/Skipback.png; sourceTree = "<group>"; };
		A0CDAEE81672876E007EE717 /* SkipForward.png */ = {isa = PBXFileReference; lastKnownFileType = image.png; name = SkipForward.png; path = Shared/SkipForward.png; sourceTree = "<group>"; };
		A0CDAEE91672876E007EE717 /* volume.png */ = {isa = PBXFileReference; lastKnownFileType = image.png; name = volume.png; path = Shared/volume.png; sourceTree = "<group>"; };
		AA58AD3D130B307E00E1D3D0 /* Security.framework */ = {isa = PBXFileReference; lastKnownFileType = wrapper.framework; name = Security.framework; path = System/Library/Frameworks/Security.framework; sourceTree = SDKROOT; };
/* End PBXFileReference section */

/* Begin PBXFrameworksBuildPhase section */
		8E29160113BC3935008EE5BE /* Frameworks */ = {
			isa = PBXFrameworksBuildPhase;
			buildActionMask = 2147483647;
			files = (
				32FE0BCB16155D990016300E /* libSequencerAVPlayerFramework.a in Frameworks */,
				3282B2A615EDF36B00C68E0A /* CoreMedia.framework in Frameworks */,
				3282B2A415EDF35200C68E0A /* AVFoundation.framework in Frameworks */,
				8E29160213BC3935008EE5BE /* Foundation.framework in Frameworks */,
				8E29160313BC3935008EE5BE /* UIKit.framework in Frameworks */,
				8E29160413BC3935008EE5BE /* CoreGraphics.framework in Frameworks */,
				8E29160613BC3935008EE5BE /* libstdc++.6.dylib in Frameworks */,
				8E29160713BC3935008EE5BE /* libz.dylib in Frameworks */,
				8E29160813BC3935008EE5BE /* CFNetwork.framework in Frameworks */,
				8E29160A13BC3935008EE5BE /* Security.framework in Frameworks */,
			);
			runOnlyForDeploymentPostprocessing = 0;
		};
/* End PBXFrameworksBuildPhase section */

/* Begin PBXGroup section */
		1957E14113033DA9004DE8ED /* xcconfig */ = {
			isa = PBXGroup;
			children = (
			);
			name = xcconfig;
			sourceTree = "<group>";
		};
		19C28FACFE9D520D11CA2CBB /* Products */ = {
			isa = PBXGroup;
			children = (
				8E29160E13BC3935008EE5BE /* SamplePlayer_nodrm.app */,
			);
			name = Products;
			sourceTree = "<group>";
		};
		2860E324111B887F00E27156 /* iPhone */ = {
			isa = PBXGroup;
			children = (
				1957E0E713033076004DE8ED /* SeekbarViewController_iPhone.xib */,
				1957E0E813033076004DE8ED /* SamplePlayerViewController_iPhone.xib */,
				2860E327111B887F00E27156 /* MainWindow_iPhone.xib */,
			);
			path = iPhone;
			sourceTree = "<group>";
		};
		2860E32A111B888700E27156 /* iPad */ = {
			isa = PBXGroup;
			children = (
				1957DFF513031C0F004DE8ED /* SeekbarViewController_iPad.xib */,
				1957DFF613031C0F004DE8ED /* SamplePlayerViewController_iPad.xib */,
				2860E32D111B888700E27156 /* MainWindow_iPad.xib */,
			);
			path = iPad;
			sourceTree = "<group>";
		};
		28EEBF621118D79A00187D67 /* Shared */ = {
			isa = PBXGroup;
			children = (
				8E91011B13DF67B000C5A689 /* images */,
				1957DFE913031BA6004DE8ED /* SeekbarViewController.h */,
				1957DFEA13031BA6004DE8ED /* SeekbarViewController.m */,
				1957DFEB13031BA6004DE8ED /* SamplePlayerAppDelegate.h */,
				1957DFEC13031BA6004DE8ED /* SamplePlayerAppDelegate.m */,
				1957DFED13031BA6004DE8ED /* SamplePlayerViewController.h */,
				1957DFEE13031BA6004DE8ED /* SamplePlayerViewController.m */,
				1957DFE213031B95004DE8ED /* autoproxyscript.txt */,
				8D1107310486CEB800E47090 /* SamplePlayer-Info.plist */,
			);
			name = Shared;
			sourceTree = "<group>";
		};
		29B97314FDCFA39411CA2CEA /* CustomTemplate */ = {
			isa = PBXGroup;
			children = (
				328631821677CB0A00FDB443 /* Default-568h@2x.png */,
				32673F10166D6F0A00DAD761 /* SequencerPlugin.js */,
				32FE0BC916155D8E0016300E /* libSequencerWrapper.a */,
				324FD2EF15FA928E00C2B5A7 /* Sequencer.js */,
				324FD2EB15FA925500C2B5A7 /* Scheduler.js */,
				324FD2E915FA924300C2B5A7 /* AdResolver.js */,
				32FE0B8B161520CC0016300E /* SequencerAVPlayerFramework.xcodeproj */,
				3282B2A515EDF36B00C68E0A /* CoreMedia.framework */,
				3282B2A315EDF35200C68E0A /* AVFoundation.framework */,
				1957E14113033DA9004DE8ED /* xcconfig */,
				2860E32A111B888700E27156 /* iPad */,
				2860E324111B887F00E27156 /* iPhone */,
				28EEBF621118D79A00187D67 /* Shared */,
				29B97315FDCFA39411CA2CEA /* Other Sources */,
				29B97323FDCFA39411CA2CEA /* Frameworks */,
				19C28FACFE9D520D11CA2CBB /* Products */,
			);
			name = CustomTemplate;
			sourceTree = "<group>";
		};
		29B97315FDCFA39411CA2CEA /* Other Sources */ = {
			isa = PBXGroup;
			children = (
				32CA4F630368D1EE00C91783 /* SamplePlayer_Prefix.pch */,
				29B97316FDCFA39411CA2CEA /* main.m */,
			);
			name = "Other Sources";
			sourceTree = "<group>";
		};
		29B97323FDCFA39411CA2CEA /* Frameworks */ = {
			isa = PBXGroup;
			children = (
				1957E02113031E26004DE8ED /* libz.dylib */,
				1957E01F13031E0A004DE8ED /* libstdc++.6.dylib */,
				AA58AD3D130B307E00E1D3D0 /* Security.framework */,
				1957E02313031E30004DE8ED /* CFNetwork.framework */,
				1957E01D13031DE5004DE8ED /* MediaPlayer.framework */,
				1DF5F4DF0D08C38300B7A737 /* UIKit.framework */,
				1D30AB110D05D00D00671497 /* Foundation.framework */,
				288765FC0DF74451002DB57D /* CoreGraphics.framework */,
			);
			name = Frameworks;
			sourceTree = "<group>";
		};
		32FE0B8C161520CC0016300E /* Products */ = {
			isa = PBXGroup;
			children = (
				32FE0B97161520CC0016300E /* libSequencerAVPlayerFramework.a */,
			);
			name = Products;
			sourceTree = "<group>";
		};
		8E91011B13DF67B000C5A689 /* images */ = {
			isa = PBXGroup;
			children = (
				A0CDAEE11672876E007EE717 /* heart.png */,
				A0CDAEE21672876E007EE717 /* left.png */,
				A0CDAEE31672876E007EE717 /* pause.png */,
				A0CDAEE41672876E007EE717 /* play.png */,
				A0CDAEE51672876E007EE717 /* playmain.png */,
				A0CDAEE61672876E007EE717 /* right.png */,
				A0CDAEE71672876E007EE717 /* Skipback.png */,
				A0CDAEE81672876E007EE717 /* SkipForward.png */,
				A0CDAEE91672876E007EE717 /* volume.png */,
			);
			name = images;
			sourceTree = "<group>";
		};
/* End PBXGroup section */

/* Begin PBXNativeTarget section */
		8E2915ED13BC3935008EE5BE /* SamplePlayer_nodrm */ = {
			isa = PBXNativeTarget;
			buildConfigurationList = 8E29160B13BC3935008EE5BE /* Build configuration list for PBXNativeTarget "SamplePlayer_nodrm" */;
			buildPhases = (
				328631811677CA7A00FDB443 /* ShellScript */,
				8E2915F013BC3935008EE5BE /* Resources */,
				8E2915FC13BC3935008EE5BE /* Sources */,
				8E29160113BC3935008EE5BE /* Frameworks */,
			);
			buildRules = (
			);
			dependencies = (
				32FE0B9A161520E50016300E /* PBXTargetDependency */,
			);
			name = SamplePlayer_nodrm;
			productName = SamplePlayer;
			productReference = 8E29160E13BC3935008EE5BE /* SamplePlayer_nodrm.app */;
			productType = "com.apple.product-type.application";
		};
/* End PBXNativeTarget section */

/* Begin PBXProject section */
		29B97313FDCFA39411CA2CEA /* Project object */ = {
			isa = PBXProject;
			attributes = {
				LastUpgradeCheck = 0440;
			};
			buildConfigurationList = C01FCF4E08A954540054247B /* Build configuration list for PBXProject "SamplePlayer" */;
			compatibilityVersion = "Xcode 3.2";
			developmentRegion = English;
			hasScannedForEncodings = 1;
			knownRegions = (
				English,
				Japanese,
				French,
				German,
			);
			mainGroup = 29B97314FDCFA39411CA2CEA /* CustomTemplate */;
			projectDirPath = "";
			projectReferences = (
				{
					ProductGroup = 32FE0B8C161520CC0016300E /* Products */;
					ProjectRef = 32FE0B8B161520CC0016300E /* SequencerAVPlayerFramework.xcodeproj */;
				},
			);
			projectRoot = "";
			targets = (
				8E2915ED13BC3935008EE5BE /* SamplePlayer_nodrm */,
			);
		};
/* End PBXProject section */

/* Begin PBXReferenceProxy section */
		32FE0B97161520CC0016300E /* libSequencerAVPlayerFramework.a */ = {
			isa = PBXReferenceProxy;
			fileType = archive.ar;
			path = libSequencerAVPlayerFramework.a;
			remoteRef = 32FE0B96161520CC0016300E /* PBXContainerItemProxy */;
			sourceTree = BUILT_PRODUCTS_DIR;
		};
/* End PBXReferenceProxy section */

/* Begin PBXResourcesBuildPhase section */
		8E2915F013BC3935008EE5BE /* Resources */ = {
			isa = PBXResourcesBuildPhase;
			buildActionMask = 2147483647;
			files = (
				32673F11166D6F0A00DAD761 /* SequencerPlugin.js in Resources */,
				324FD2F015FA928E00C2B5A7 /* Sequencer.js in Resources */,
				324FD2EC15FA925500C2B5A7 /* Scheduler.js in Resources */,
				324FD2EA15FA924300C2B5A7 /* AdResolver.js in Resources */,
				8E2915F113BC3935008EE5BE /* MainWindow_iPhone.xib in Resources */,
				8E2915F213BC3935008EE5BE /* MainWindow_iPad.xib in Resources */,
				8E2915F313BC3935008EE5BE /* autoproxyscript.txt in Resources */,
				8E2915F413BC3935008EE5BE /* SeekbarViewController_iPad.xib in Resources */,
				8E2915F513BC3935008EE5BE /* SamplePlayerViewController_iPad.xib in Resources */,
				8E2915F613BC3935008EE5BE /* SeekbarViewController_iPhone.xib in Resources */,
				8E2915F713BC3935008EE5BE /* SamplePlayerViewController_iPhone.xib in Resources */,
				A0CDAEEA1672876E007EE717 /* heart.png in Resources */,
				A0CDAEEB1672876E007EE717 /* left.png in Resources */,
				A0CDAEEC1672876E007EE717 /* pause.png in Resources */,
				A0CDAEED1672876E007EE717 /* play.png in Resources */,
				A0CDAEEE1672876E007EE717 /* playmain.png in Resources */,
				A0CDAEEF1672876E007EE717 /* right.png in Resources */,
				A0CDAEF01672876E007EE717 /* Skipback.png in Resources */,
				A0CDAEF11672876E007EE717 /* SkipForward.png in Resources */,
				A0CDAEF21672876E007EE717 /* volume.png in Resources */,
				328631831677CB0A00FDB443 /* Default-568h@2x.png in Resources */,
			);
			runOnlyForDeploymentPostprocessing = 0;
		};
/* End PBXResourcesBuildPhase section */

/* Begin PBXShellScriptBuildPhase section */
		328631811677CA7A00FDB443 /* ShellScript */ = {
			isa = PBXShellScriptBuildPhase;
			buildActionMask = 2147483647;
			files = (
			);
			inputPaths = (
			);
			outputPaths = (
			);
			runOnlyForDeploymentPostprocessing = 0;
			shellPath = /bin/sh;
			shellScript = "cp Default-568h-2x.png Default-568h@2x.png";
		};
/* End PBXShellScriptBuildPhase section */

/* Begin PBXSourcesBuildPhase section */
		8E2915FC13BC3935008EE5BE /* Sources */ = {
			isa = PBXSourcesBuildPhase;
			buildActionMask = 2147483647;
			files = (
				8E2915FD13BC3935008EE5BE /* main.m in Sources */,
				8E2915FE13BC3935008EE5BE /* SeekbarViewController.m in Sources */,
				8E2915FF13BC3935008EE5BE /* SamplePlayerAppDelegate.m in Sources */,
				8E29160013BC3935008EE5BE /* SamplePlayerViewController.m in Sources */,
			);
			runOnlyForDeploymentPostprocessing = 0;
		};
/* End PBXSourcesBuildPhase section */

/* Begin PBXTargetDependency section */
		32FE0B9A161520E50016300E /* PBXTargetDependency */ = {
			isa = PBXTargetDependency;
			name = SequencerAVPlayerFramework;
			targetProxy = 32FE0B99161520E50016300E /* PBXContainerItemProxy */;
		};
/* End PBXTargetDependency section */

/* Begin XCBuildConfiguration section */
		8E29160C13BC3935008EE5BE /* Debug */ = {
			isa = XCBuildConfiguration;
			buildSettings = {
				ALWAYS_SEARCH_USER_PATHS = YES;
				COPY_PHASE_STRIP = NO;
				GCC_DYNAMIC_NO_PIC = NO;
				GCC_OPTIMIZATION_LEVEL = 0;
				GCC_PRECOMPILE_PREFIX_HEADER = YES;
				GCC_PREFIX_HEADER = SamplePlayer_Prefix.pch;
				INFOPLIST_FILE = "SamplePlayer-Info.plist";
				IPHONEOS_DEPLOYMENT_TARGET = 4.2;
				LIBRARY_SEARCH_PATHS = (
					"$(inherited)",
					"\"$(SRCROOT)\"",
				);
				"OTHER_CFLAGS[arch=*]" = "";
				OTHER_LDFLAGS = (
					"-all_load",
					"-ObjC",
				);
				PRODUCT_NAME = SamplePlayer_nodrm;
			};
			name = Debug;
		};
		8E29160D13BC3935008EE5BE /* Release */ = {
			isa = XCBuildConfiguration;
			buildSettings = {
				ALWAYS_SEARCH_USER_PATHS = YES;
				COPY_PHASE_STRIP = YES;
				DEPLOYMENT_POSTPROCESSING = YES;
				GCC_PRECOMPILE_PREFIX_HEADER = YES;
				GCC_PREFIX_HEADER = SamplePlayer_Prefix.pch;
				INFOPLIST_FILE = "SamplePlayer-Info.plist";
				IPHONEOS_DEPLOYMENT_TARGET = 4.2;
				LIBRARY_SEARCH_PATHS = (
					"$(inherited)",
					"\"$(SRCROOT)\"",
				);
				"OTHER_CFLAGS[arch=*]" = "-DNS_BLOCK_ASSERTIONS=1";
				OTHER_LDFLAGS = (
					"-all_load",
					"-ObjC",
				);
				PRODUCT_NAME = SamplePlayer_nodrm;
				STRIP_INSTALLED_PRODUCT = YES;
				VALIDATE_PRODUCT = YES;
			};
			name = Release;
		};
		C01FCF4F08A954540054247B /* Debug */ = {
			isa = XCBuildConfiguration;
			buildSettings = {
				ARCHS = "$(ARCHS_STANDARD_32_BIT)";
				"CODE_SIGN_IDENTITY[sdk=iphoneos*]" = "iPhone Developer";
				GCC_C_LANGUAGE_STANDARD = c99;
				GCC_USE_STANDARD_INCLUDE_SEARCHING = YES;
				GCC_WARN_ABOUT_RETURN_TYPE = YES;
				GCC_WARN_UNUSED_VARIABLE = YES;
				HEADER_SEARCH_PATHS = ../inc;
				IPHONEOS_DEPLOYMENT_TARGET = 4.3;
				SDKROOT = iphoneos;
				TARGETED_DEVICE_FAMILY = "1,2";
			};
			name = Debug;
		};
		C01FCF5008A954540054247B /* Release */ = {
			isa = XCBuildConfiguration;
			buildSettings = {
				ARCHS = "$(ARCHS_STANDARD_32_BIT)";
				"CODE_SIGN_IDENTITY[sdk=iphoneos*]" = "iPhone Developer";
				GCC_C_LANGUAGE_STANDARD = c99;
				GCC_USE_STANDARD_INCLUDE_SEARCHING = YES;
				GCC_WARN_ABOUT_RETURN_TYPE = YES;
				GCC_WARN_UNUSED_VARIABLE = YES;
				HEADER_SEARCH_PATHS = ../inc;
				IPHONEOS_DEPLOYMENT_TARGET = 4.3;
				OTHER_CFLAGS = "-DNS_BLOCK_ASSERTIONS=1";
				SDKROOT = iphoneos;
				TARGETED_DEVICE_FAMILY = "1,2";
			};
			name = Release;
		};
/* End XCBuildConfiguration section */

/* Begin XCConfigurationList section */
		8E29160B13BC3935008EE5BE /* Build configuration list for PBXNativeTarget "SamplePlayer_nodrm" */ = {
			isa = XCConfigurationList;
			buildConfigurations = (
				8E29160C13BC3935008EE5BE /* Debug */,
				8E29160D13BC3935008EE5BE /* Release */,
			);
			defaultConfigurationIsVisible = 0;
			defaultConfigurationName = Release;
		};
		C01FCF4E08A954540054247B /* Build configuration list for PBXProject "SamplePlayer" */ = {
			isa = XCConfigurationList;
			buildConfigurations = (
				C01FCF4F08A954540054247B /* Debug */,
				C01FCF5008A954540054247B /* Release */,
			);
			defaultConfigurationIsVisible = 0;
			defaultConfigurationName = Release;
		};
/* End XCConfigurationList section */
	};
	rootObject = 29B97313FDCFA39411CA2CEA /* Project object */;
}
